
Microsoft Visual Studio Solution File, Format Version 12.00
# Visual Studio Version 16
VisualStudioVersion = 16.0.31515.178
MinimumVisualStudioVersion = 10.0.40219.1
Project("{FAE04EC0-301F-11D3-BF4B-00C04F79EFBC}") = "LiveGame", "LiveGame\LiveGame.csproj", "{22604A39-5883-4063-BF9D-E78EB3DF15C0}"
EndProject
Project("{FAE04EC0-301F-11D3-BF4B-00C04F79EFBC}") = "CalendarLibrary", "CalendarLibrary\CalendarLibrary.csproj", "{7DAF6075-DE56-4C96-A073-5FCAC1D4DCA0}"
EndProject
Global
	GlobalSection(SolutionConfigurationPlatforms) = preSolution
		Debug|Any CPU = Debug|Any CPU
		Release|Any CPU = Release|Any CPU
	EndGlobalSection
	GlobalSection(ProjectConfigurationPlatforms) = postSolution
		{22604A39-5883-4063-BF9D-E78EB3DF15C0}.Debug|Any CPU.ActiveCfg = Debug|Any CPU
		{22604A39-5883-4063-BF9D-E78EB3DF15C0}.Debug|Any CPU.Build.0 = Debug|Any CPU
		{22604A39-5883-4063-BF9D-E78EB3DF15C0}.Release|Any CPU.ActiveCfg = Release|Any CPU
		{22604A39-5883-4063-BF9D-E78EB3DF15C0}.Release|Any CPU.Build.0 = Release|Any CPU
		{7DAF6075-DE56-4C96-A073-5FCAC1D4DCA0}.Debug|Any CPU.ActiveCfg = Debug|Any CPU
		{7DAF6075-DE56-4C96-A073-5FCAC1D4DCA0}.Debug|Any CPU.Build.0 = Debug|Any CPU
		{7DAF6075-DE56-4C96-A073-5FCAC1D4DCA0}.Release|Any CPU.ActiveCfg = Release|Any CPU
		{7DAF6075-DE56-4C96-A073-5FCAC1D4DCA0}.Release|Any CPU.Build.0 = Release|Any CPU
	EndGlobalSection
	GlobalSection(SolutionProperties) = preSolution
		HideSolutionNode = FALSE
	EndGlobalSection
	GlobalSection(ExtensibilityGlobals) = postSolution
		SolutionGuid = {1D61DA8A-BE74-410C-AD5C-DA06282E9AE6}
	EndGlobalSection
EndGlobal
